
Microsoft Visual Studio Solution File, Format Version 12.00
# Visual Studio Version 16
VisualStudioVersion = 16.0.31105.61
MinimumVisualStudioVersion = 10.0.40219.1
Project("{FAE04EC0-301F-11D3-BF4B-00C04F79EFBC}") = "CadastroAlunos", "CadastroAlunos.csproj", "{DC8BD183-8A3D-48BC-83D6-845FEB84558A}"
EndProject
Global
	GlobalSection(SolutionConfigurationPlatforms) = preSolution
		Debug|Any CPU = Debug|Any CPU
		Release|Any CPU = Release|Any CPU
	EndGlobalSection
	GlobalSection(ProjectConfigurationPlatforms) = postSolution
		{DC8BD183-8A3D-48BC-83D6-845FEB84558A}.Debug|Any CPU.ActiveCfg = Debug|Any CPU
		{DC8BD183-8A3D-48BC-83D6-845FEB84558A}.Debug|Any CPU.Build.0 = Debug|Any CPU
		{DC8BD183-8A3D-48BC-83D6-845FEB84558A}.Release|Any CPU.ActiveCfg = Release|Any CPU
		{DC8BD183-8A3D-48BC-83D6-845FEB84558A}.Release|Any CPU.Build.0 = Release|Any CPU
	EndGlobalSection
	GlobalSection(SolutionProperties) = preSolution
		HideSolutionNode = FALSE
	EndGlobalSection
	GlobalSection(ExtensibilityGlobals) = postSolution
		SolutionGuid = {DDC4EB82-2E45-4A8B-9F3E-7735DF8A22C1}
	EndGlobalSection
EndGlobal
